
Microsoft Visual Studio Solution File, Format Version 12.00
# Visual Studio Version 17
VisualStudioVersion = 17.0.31903.59
MinimumVisualStudioVersion = 10.0.40219.1
Project("{FAE04EC0-301F-11D3-BF4B-00C04F79EFBC}") = "Data", "Data\Data.csproj", "{EB44483D-C357-4E2E-87D6-8DB8DF2F1725}"
EndProject
Project("{FAE04EC0-301F-11D3-BF4B-00C04F79EFBC}") = "Presentation", "Presentation\Presentation.csproj", "{1CFE1275-80C2-41B6-A85C-F364C1DB7215}"
EndProject
Project("{FAE04EC0-301F-11D3-BF4B-00C04F79EFBC}") = "Logic", "Logic\Logic.csproj", "{8C823C04-518D-7F5D-DC1B-2C502C583C95}"
EndProject
Project("{2150E333-8FDC-42A3-9474-1A3956D46DE8}") = "Tests", "Tests", "{02EA681E-C7D8-13C7-8484-4AC65E1B71E8}"
EndProject
Project("{FAE04EC0-301F-11D3-BF4B-00C04F79EFBC}") = "DataTest", "Tests\DataTest\DataTest.csproj", "{3F34CEB4-875A-01DD-BDC6-DD783C1C9507}"
EndProject
Project("{FAE04EC0-301F-11D3-BF4B-00C04F79EFBC}") = "LogicTest", "Tests\LogicTest\LogicTest.csproj", "{08BC6B7E-A2E1-23AA-CD76-DAA176CCB65B}"
EndProject
Project("{FAE04EC0-301F-11D3-BF4B-00C04F79EFBC}") = "PresentationTest", "Tests\PresentationTest\PresentationTest.csproj", "{9249E63E-0853-98A6-B762-C42E95A1CD50}"
EndProject
Global
	GlobalSection(SolutionConfigurationPlatforms) = preSolution
		Debug|Any CPU = Debug|Any CPU
		Release|Any CPU = Release|Any CPU
	EndGlobalSection
	GlobalSection(ProjectConfigurationPlatforms) = postSolution
		{EB44483D-C357-4E2E-87D6-8DB8DF2F1725}.Debug|Any CPU.ActiveCfg = Debug|Any CPU
		{EB44483D-C357-4E2E-87D6-8DB8DF2F1725}.Debug|Any CPU.Build.0 = Debug|Any CPU
		{EB44483D-C357-4E2E-87D6-8DB8DF2F1725}.Release|Any CPU.ActiveCfg = Release|Any CPU
		{EB44483D-C357-4E2E-87D6-8DB8DF2F1725}.Release|Any CPU.Build.0 = Release|Any CPU
		{1CFE1275-80C2-41B6-A85C-F364C1DB7215}.Debug|Any CPU.ActiveCfg = Debug|Any CPU
		{1CFE1275-80C2-41B6-A85C-F364C1DB7215}.Debug|Any CPU.Build.0 = Debug|Any CPU
		{1CFE1275-80C2-41B6-A85C-F364C1DB7215}.Release|Any CPU.ActiveCfg = Release|Any CPU
		{1CFE1275-80C2-41B6-A85C-F364C1DB7215}.Release|Any CPU.Build.0 = Release|Any CPU
		{8C823C04-518D-7F5D-DC1B-2C502C583C95}.Debug|Any CPU.ActiveCfg = Debug|Any CPU
		{8C823C04-518D-7F5D-DC1B-2C502C583C95}.Debug|Any CPU.Build.0 = Debug|Any CPU
		{8C823C04-518D-7F5D-DC1B-2C502C583C95}.Release|Any CPU.ActiveCfg = Release|Any CPU
		{8C823C04-518D-7F5D-DC1B-2C502C583C95}.Release|Any CPU.Build.0 = Release|Any CPU
		{3F34CEB4-875A-01DD-BDC6-DD783C1C9507}.Debug|Any CPU.ActiveCfg = Debug|Any CPU
		{3F34CEB4-875A-01DD-BDC6-DD783C1C9507}.Debug|Any CPU.Build.0 = Debug|Any CPU
		{3F34CEB4-875A-01DD-BDC6-DD783C1C9507}.Release|Any CPU.ActiveCfg = Release|Any CPU
		{3F34CEB4-875A-01DD-BDC6-DD783C1C9507}.Release|Any CPU.Build.0 = Release|Any CPU
		{08BC6B7E-A2E1-23AA-CD76-DAA176CCB65B}.Debug|Any CPU.ActiveCfg = Debug|Any CPU
		{08BC6B7E-A2E1-23AA-CD76-DAA176CCB65B}.Debug|Any CPU.Build.0 = Debug|Any CPU
		{08BC6B7E-A2E1-23AA-CD76-DAA176CCB65B}.Release|Any CPU.ActiveCfg = Release|Any CPU
		{08BC6B7E-A2E1-23AA-CD76-DAA176CCB65B}.Release|Any CPU.Build.0 = Release|Any CPU
		{9249E63E-0853-98A6-B762-C42E95A1CD50}.Debug|Any CPU.ActiveCfg = Debug|Any CPU
		{9249E63E-0853-98A6-B762-C42E95A1CD50}.Debug|Any CPU.Build.0 = Debug|Any CPU
		{9249E63E-0853-98A6-B762-C42E95A1CD50}.Release|Any CPU.ActiveCfg = Release|Any CPU
		{9249E63E-0853-98A6-B762-C42E95A1CD50}.Release|Any CPU.Build.0 = Release|Any CPU
	EndGlobalSection
	GlobalSection(SolutionProperties) = preSolution
		HideSolutionNode = FALSE
	EndGlobalSection
	GlobalSection(NestedProjects) = preSolution
		{3F34CEB4-875A-01DD-BDC6-DD783C1C9507} = {02EA681E-C7D8-13C7-8484-4AC65E1B71E8}
		{08BC6B7E-A2E1-23AA-CD76-DAA176CCB65B} = {02EA681E-C7D8-13C7-8484-4AC65E1B71E8}
		{9249E63E-0853-98A6-B762-C42E95A1CD50} = {02EA681E-C7D8-13C7-8484-4AC65E1B71E8}
	EndGlobalSection
	GlobalSection(ExtensibilityGlobals) = postSolution
		SolutionGuid = {40A44566-2F50-4B4C-904F-B1CCA5CFFEE9}
	EndGlobalSection
EndGlobal
